// !$*UTF8*$!
{
	archiveVersion = 1;
	classes = {
	};
	objectVersion = 46;
	objects = {

/* Begin PBXGroup section */
		37959A1B1DE0A5EA00922418 = {
			isa = PBXGroup;
			children = (
			);
			sourceTree = "<group>";
		};
/* End PBXGroup section */

/* Begin PBXProject section */
		37959A1C1DE0A5EA00922418 /* Project object */ = {
			isa = PBXProject;
			attributes = {
				LastUpgradeCheck = 0810;
			};
			buildConfigurationList = 37959A1F1DE0A5EA00922418 /* Build configuration list for PBXProject "DWExtensions" */;
			compatibilityVersion = "Xcode 3.2";
			developmentRegion = English;
			hasScannedForEncodings = 0;
			knownRegions = (
				en,
			);
			mainGroup = 37959A1B1DE0A5EA00922418;
			projectDirPath = "";
			projectRoot = "";
			targets = (
			);
		};
/* End PBXProject section */

/* Begin XCBuildConfiguration section */
		37959A201DE0A5EA00922418 /* Debug */ = {
			isa = XCBuildConfiguration;
			buildSettings = {
			};
			name = Debug;
		};
		37959A211DE0A5EA00922418 /* Release */ = {
			isa = XCBuildConfiguration;
			buildSettings = {
			};
			name = Release;
		};
/* End XCBuildConfiguration section */

/* Begin XCConfigurationList section */
		37959A1F1DE0A5EA00922418 /* Build configuration list for PBXProject "DWExtensions" */ = {
			isa = XCConfigurationList;
			buildConfigurations = (
				37959A201DE0A5EA00922418 /* Debug */,
				37959A211DE0A5EA00922418 /* Release */,
			);
			defaultConfigurationIsVisible = 0;
			defaultConfigurationName = Release;
		};
/* End XCConfigurationList section */
	};
	rootObject = 37959A1C1DE0A5EA00922418 /* Project object */;
}
